
Microsoft Visual Studio Solution File, Format Version 12.00
# Visual Studio Version 17
VisualStudioVersion = 17.9.34407.89
MinimumVisualStudioVersion = 10.0.40219.1
Project("{2150E333-8FDC-42A3-9474-1A3956D46DE8}") = "src", "src", "{9BEF7E9E-67D0-4B1C-A94D-41AC94CC67F4}"
EndProject
Project("{2150E333-8FDC-42A3-9474-1A3956D46DE8}") = "tests", "tests", "{57D20D2B-D01B-4086-AB45-610633FED4E8}"
EndProject
Project("{2150E333-8FDC-42A3-9474-1A3956D46DE8}") = "Bootstrapper", "Bootstrapper", "{FD05E8A1-46BD-4260-8455-CFB2C4C9B066}"
EndProject
Project("{2150E333-8FDC-42A3-9474-1A3956D46DE8}") = "Modules", "Modules", "{05CC14EB-DCD7-4844-9468-20678A8A5DAF}"
EndProject
Project("{2150E333-8FDC-42A3-9474-1A3956D46DE8}") = "Shared", "Shared", "{C9524A9B-6676-447B-8724-3E49DA3FC72C}"
EndProject
Project("{9A19103F-16F7-4668-BE54-9A1E7A4F7556}") = "Simp.Bootstrapper", "src\Bootstrapper\Simp.Bootstrapper\Simp.Bootstrapper.csproj", "{3C1E5184-EC93-4186-B64E-BB37DF1E44C5}"
EndProject
Project("{9A19103F-16F7-4668-BE54-9A1E7A4F7556}") = "Simp.Shared.Infrastructure", "src\Shared\Simp.Shared.Infrastructure\Simp.Shared.Infrastructure.csproj", "{B2604B20-62BE-451D-BE88-7FBA42D5D13F}"
EndProject
Project("{9A19103F-16F7-4668-BE54-9A1E7A4F7556}") = "Simp.IntegrationTests", "tests\Simp.IntegrationTests\Simp.IntegrationTests.csproj", "{E0D8088B-DD96-4165-9F92-8E7D92E49EE5}"
EndProject
Project("{2150E333-8FDC-42A3-9474-1A3956D46DE8}") = "Blogs", "Blogs", "{EBB86D6B-89E9-4690-AA29-4F12B3C74541}"
EndProject
Project("{9A19103F-16F7-4668-BE54-9A1E7A4F7556}") = "Simp.Modules.Blogs.Api", "src\Modules\Blogs\Simp.Modules.Blogs.Api\Simp.Modules.Blogs.Api.csproj", "{18B47DDA-881A-4495-83ED-CD79D7F79024}"
EndProject
Project("{9A19103F-16F7-4668-BE54-9A1E7A4F7556}") = "Simp.Shared.Abstractions", "src\Shared\Simp.Shared.Abstractions\Simp.Shared.Abstractions.csproj", "{F8B7E83F-0E37-429F-A2A3-868CF3B78DD4}"
EndProject
Project("{9A19103F-16F7-4668-BE54-9A1E7A4F7556}") = "Simp.Modules.Blogs.UseCases", "src\Modules\Blogs\Simp.Modules.Blogs.UseCases\Simp.Modules.Blogs.UseCases.csproj", "{6BD0CE60-98DA-463B-9314-FC83AB625AD2}"
EndProject
Project("{9A19103F-16F7-4668-BE54-9A1E7A4F7556}") = "Simp.Modules.Blogs.Infrastructure", "src\Modules\Blogs\Simp.Modules.Blogs.Infrastructure\Simp.Modules.Blogs.Infrastructure.csproj", "{98A1E783-6D32-494B-824E-135856D0AE09}"
EndProject
Project("{2150E333-8FDC-42A3-9474-1A3956D46DE8}") = "Cshops", "Cshops", "{A81AED38-5A8F-4CC1-AF6B-CC557B84606E}"
EndProject
Project("{9A19103F-16F7-4668-BE54-9A1E7A4F7556}") = "Simp.Modules.Cshops.Api", "src\Modules\Cshops\Simp.Modules.Cshops.Api\Simp.Modules.Cshops.Api.csproj", "{5B54CA95-F5B0-43A2-BB3B-3A25AC3311C5}"
EndProject
Project("{9A19103F-16F7-4668-BE54-9A1E7A4F7556}") = "Simp.Modules.Cshops.Infrastructure", "src\Modules\Cshops\Simp.Modules.Cshops.Infrastructure\Simp.Modules.Cshops.Infrastructure.csproj", "{E5160BCB-B475-45E0-9C9C-254CC74DF90D}"
EndProject
Project("{9A19103F-16F7-4668-BE54-9A1E7A4F7556}") = "Simp.Modules.Cshops.UseCases", "src\Modules\Cshops\Simp.Modules.Cshops.UseCases\Simp.Modules.Cshops.UseCases.csproj", "{A14086E6-22F5-495D-AA40-C184B306EB6B}"
EndProject
Project("{9A19103F-16F7-4668-BE54-9A1E7A4F7556}") = "Simp.Modules.Cshop.Domain", "src\Modules\Cshops\Simp.Modules.Cshop.Domain\Simp.Modules.Cshop.Domain.csproj", "{13719706-3DD9-4391-BE52-DDA7CDC72185}"
EndProject
Project("{9A19103F-16F7-4668-BE54-9A1E7A4F7556}") = "Simp.Modules.Blogs.Domain", "src\Modules\Blogs\Simp.Modules.Blogs.Domain\Simp.Modules.Blogs.Domain.csproj", "{23829844-967C-4A10-B492-985AFB2779CE}"
EndProject
Project("{9A19103F-16F7-4668-BE54-9A1E7A4F7556}") = "Simp.Modules.Blogs.Contracts", "src\Modules\Blogs\Simp.Modules.Blogs.Contracts\Simp.Modules.Blogs.Contracts.csproj", "{CC868CC7-E332-4C83-9CF3-B58AF17B126B}"
EndProject
Project("{E53339B2-1760-4266-BCC7-CA923CBCF16C}") = "docker-compose", "docker-compose.dcproj", "{D9AB98B7-1448-46AD-BE50-F15718D564FD}"
EndProject
Global
	GlobalSection(SolutionConfigurationPlatforms) = preSolution
		Debug|Any CPU = Debug|Any CPU
		Release|Any CPU = Release|Any CPU
	EndGlobalSection
	GlobalSection(ProjectConfigurationPlatforms) = postSolution
		{3C1E5184-EC93-4186-B64E-BB37DF1E44C5}.Debug|Any CPU.ActiveCfg = Debug|Any CPU
		{3C1E5184-EC93-4186-B64E-BB37DF1E44C5}.Debug|Any CPU.Build.0 = Debug|Any CPU
		{3C1E5184-EC93-4186-B64E-BB37DF1E44C5}.Release|Any CPU.ActiveCfg = Release|Any CPU
		{3C1E5184-EC93-4186-B64E-BB37DF1E44C5}.Release|Any CPU.Build.0 = Release|Any CPU
		{B2604B20-62BE-451D-BE88-7FBA42D5D13F}.Debug|Any CPU.ActiveCfg = Debug|Any CPU
		{B2604B20-62BE-451D-BE88-7FBA42D5D13F}.Debug|Any CPU.Build.0 = Debug|Any CPU
		{B2604B20-62BE-451D-BE88-7FBA42D5D13F}.Release|Any CPU.ActiveCfg = Release|Any CPU
		{B2604B20-62BE-451D-BE88-7FBA42D5D13F}.Release|Any CPU.Build.0 = Release|Any CPU
		{E0D8088B-DD96-4165-9F92-8E7D92E49EE5}.Debug|Any CPU.ActiveCfg = Debug|Any CPU
		{E0D8088B-DD96-4165-9F92-8E7D92E49EE5}.Debug|Any CPU.Build.0 = Debug|Any CPU
		{E0D8088B-DD96-4165-9F92-8E7D92E49EE5}.Release|Any CPU.ActiveCfg = Release|Any CPU
		{E0D8088B-DD96-4165-9F92-8E7D92E49EE5}.Release|Any CPU.Build.0 = Release|Any CPU
		{18B47DDA-881A-4495-83ED-CD79D7F79024}.Debug|Any CPU.ActiveCfg = Debug|Any CPU
		{18B47DDA-881A-4495-83ED-CD79D7F79024}.Debug|Any CPU.Build.0 = Debug|Any CPU
		{18B47DDA-881A-4495-83ED-CD79D7F79024}.Release|Any CPU.ActiveCfg = Release|Any CPU
		{18B47DDA-881A-4495-83ED-CD79D7F79024}.Release|Any CPU.Build.0 = Release|Any CPU
		{F8B7E83F-0E37-429F-A2A3-868CF3B78DD4}.Debug|Any CPU.ActiveCfg = Debug|Any CPU
		{F8B7E83F-0E37-429F-A2A3-868CF3B78DD4}.Debug|Any CPU.Build.0 = Debug|Any CPU
		{F8B7E83F-0E37-429F-A2A3-868CF3B78DD4}.Release|Any CPU.ActiveCfg = Release|Any CPU
		{F8B7E83F-0E37-429F-A2A3-868CF3B78DD4}.Release|Any CPU.Build.0 = Release|Any CPU
		{6BD0CE60-98DA-463B-9314-FC83AB625AD2}.Debug|Any CPU.ActiveCfg = Debug|Any CPU
		{6BD0CE60-98DA-463B-9314-FC83AB625AD2}.Debug|Any CPU.Build.0 = Debug|Any CPU
		{6BD0CE60-98DA-463B-9314-FC83AB625AD2}.Release|Any CPU.ActiveCfg = Release|Any CPU
		{6BD0CE60-98DA-463B-9314-FC83AB625AD2}.Release|Any CPU.Build.0 = Release|Any CPU
		{98A1E783-6D32-494B-824E-135856D0AE09}.Debug|Any CPU.ActiveCfg = Debug|Any CPU
		{98A1E783-6D32-494B-824E-135856D0AE09}.Debug|Any CPU.Build.0 = Debug|Any CPU
		{98A1E783-6D32-494B-824E-135856D0AE09}.Release|Any CPU.ActiveCfg = Release|Any CPU
		{98A1E783-6D32-494B-824E-135856D0AE09}.Release|Any CPU.Build.0 = Release|Any CPU
		{5B54CA95-F5B0-43A2-BB3B-3A25AC3311C5}.Debug|Any CPU.ActiveCfg = Debug|Any CPU
		{5B54CA95-F5B0-43A2-BB3B-3A25AC3311C5}.Debug|Any CPU.Build.0 = Debug|Any CPU
		{5B54CA95-F5B0-43A2-BB3B-3A25AC3311C5}.Release|Any CPU.ActiveCfg = Release|Any CPU
		{5B54CA95-F5B0-43A2-BB3B-3A25AC3311C5}.Release|Any CPU.Build.0 = Release|Any CPU
		{E5160BCB-B475-45E0-9C9C-254CC74DF90D}.Debug|Any CPU.ActiveCfg = Debug|Any CPU
		{E5160BCB-B475-45E0-9C9C-254CC74DF90D}.Debug|Any CPU.Build.0 = Debug|Any CPU
		{E5160BCB-B475-45E0-9C9C-254CC74DF90D}.Release|Any CPU.ActiveCfg = Release|Any CPU
		{E5160BCB-B475-45E0-9C9C-254CC74DF90D}.Release|Any CPU.Build.0 = Release|Any CPU
		{A14086E6-22F5-495D-AA40-C184B306EB6B}.Debug|Any CPU.ActiveCfg = Debug|Any CPU
		{A14086E6-22F5-495D-AA40-C184B306EB6B}.Debug|Any CPU.Build.0 = Debug|Any CPU
		{A14086E6-22F5-495D-AA40-C184B306EB6B}.Release|Any CPU.ActiveCfg = Release|Any CPU
		{A14086E6-22F5-495D-AA40-C184B306EB6B}.Release|Any CPU.Build.0 = Release|Any CPU
		{13719706-3DD9-4391-BE52-DDA7CDC72185}.Debug|Any CPU.ActiveCfg = Debug|Any CPU
		{13719706-3DD9-4391-BE52-DDA7CDC72185}.Debug|Any CPU.Build.0 = Debug|Any CPU
		{13719706-3DD9-4391-BE52-DDA7CDC72185}.Release|Any CPU.ActiveCfg = Release|Any CPU
		{13719706-3DD9-4391-BE52-DDA7CDC72185}.Release|Any CPU.Build.0 = Release|Any CPU
		{23829844-967C-4A10-B492-985AFB2779CE}.Debug|Any CPU.ActiveCfg = Debug|Any CPU
		{23829844-967C-4A10-B492-985AFB2779CE}.Debug|Any CPU.Build.0 = Debug|Any CPU
		{23829844-967C-4A10-B492-985AFB2779CE}.Release|Any CPU.ActiveCfg = Release|Any CPU
		{23829844-967C-4A10-B492-985AFB2779CE}.Release|Any CPU.Build.0 = Release|Any CPU
		{CC868CC7-E332-4C83-9CF3-B58AF17B126B}.Debug|Any CPU.ActiveCfg = Debug|Any CPU
		{CC868CC7-E332-4C83-9CF3-B58AF17B126B}.Debug|Any CPU.Build.0 = Debug|Any CPU
		{CC868CC7-E332-4C83-9CF3-B58AF17B126B}.Release|Any CPU.ActiveCfg = Release|Any CPU
		{CC868CC7-E332-4C83-9CF3-B58AF17B126B}.Release|Any CPU.Build.0 = Release|Any CPU
		{D9AB98B7-1448-46AD-BE50-F15718D564FD}.Debug|Any CPU.ActiveCfg = Debug|Any CPU
		{D9AB98B7-1448-46AD-BE50-F15718D564FD}.Debug|Any CPU.Build.0 = Debug|Any CPU
		{D9AB98B7-1448-46AD-BE50-F15718D564FD}.Release|Any CPU.ActiveCfg = Release|Any CPU
		{D9AB98B7-1448-46AD-BE50-F15718D564FD}.Release|Any CPU.Build.0 = Release|Any CPU
	EndGlobalSection
	GlobalSection(SolutionProperties) = preSolution
		HideSolutionNode = FALSE
	EndGlobalSection
	GlobalSection(NestedProjects) = preSolution
		{FD05E8A1-46BD-4260-8455-CFB2C4C9B066} = {9BEF7E9E-67D0-4B1C-A94D-41AC94CC67F4}
		{05CC14EB-DCD7-4844-9468-20678A8A5DAF} = {9BEF7E9E-67D0-4B1C-A94D-41AC94CC67F4}
		{C9524A9B-6676-447B-8724-3E49DA3FC72C} = {9BEF7E9E-67D0-4B1C-A94D-41AC94CC67F4}
		{3C1E5184-EC93-4186-B64E-BB37DF1E44C5} = {FD05E8A1-46BD-4260-8455-CFB2C4C9B066}
		{B2604B20-62BE-451D-BE88-7FBA42D5D13F} = {C9524A9B-6676-447B-8724-3E49DA3FC72C}
		{E0D8088B-DD96-4165-9F92-8E7D92E49EE5} = {57D20D2B-D01B-4086-AB45-610633FED4E8}
		{EBB86D6B-89E9-4690-AA29-4F12B3C74541} = {05CC14EB-DCD7-4844-9468-20678A8A5DAF}
		{18B47DDA-881A-4495-83ED-CD79D7F79024} = {EBB86D6B-89E9-4690-AA29-4F12B3C74541}
		{F8B7E83F-0E37-429F-A2A3-868CF3B78DD4} = {C9524A9B-6676-447B-8724-3E49DA3FC72C}
		{6BD0CE60-98DA-463B-9314-FC83AB625AD2} = {EBB86D6B-89E9-4690-AA29-4F12B3C74541}
		{98A1E783-6D32-494B-824E-135856D0AE09} = {EBB86D6B-89E9-4690-AA29-4F12B3C74541}
		{A81AED38-5A8F-4CC1-AF6B-CC557B84606E} = {05CC14EB-DCD7-4844-9468-20678A8A5DAF}
		{5B54CA95-F5B0-43A2-BB3B-3A25AC3311C5} = {A81AED38-5A8F-4CC1-AF6B-CC557B84606E}
		{E5160BCB-B475-45E0-9C9C-254CC74DF90D} = {A81AED38-5A8F-4CC1-AF6B-CC557B84606E}
		{A14086E6-22F5-495D-AA40-C184B306EB6B} = {A81AED38-5A8F-4CC1-AF6B-CC557B84606E}
		{13719706-3DD9-4391-BE52-DDA7CDC72185} = {A81AED38-5A8F-4CC1-AF6B-CC557B84606E}
		{23829844-967C-4A10-B492-985AFB2779CE} = {EBB86D6B-89E9-4690-AA29-4F12B3C74541}
		{CC868CC7-E332-4C83-9CF3-B58AF17B126B} = {EBB86D6B-89E9-4690-AA29-4F12B3C74541}
	EndGlobalSection
	GlobalSection(ExtensibilityGlobals) = postSolution
		SolutionGuid = {4EDE88CF-EADC-4B07-AA25-67ED4E0C7C9A}
	EndGlobalSection
EndGlobal
